
Microsoft Visual Studio Solution File, Format Version 12.00
# Visual Studio Version 17
VisualStudioVersion = 17.6.33829.357
MinimumVisualStudioVersion = 10.0.40219.1
Project("{FAE04EC0-301F-11D3-BF4B-00C04F79EFBC}") = "Delegate", "Delegate\Delegate.csproj", "{5C415907-5A19-41A8-8A3F-243132C71D9D}"
EndProject
Global
	GlobalSection(SolutionConfigurationPlatforms) = preSolution
		Debug|Any CPU = Debug|Any CPU
		Release|Any CPU = Release|Any CPU
	EndGlobalSection
	GlobalSection(ProjectConfigurationPlatforms) = postSolution
		{5C415907-5A19-41A8-8A3F-243132C71D9D}.Debug|Any CPU.ActiveCfg = Debug|Any CPU
		{5C415907-5A19-41A8-8A3F-243132C71D9D}.Debug|Any CPU.Build.0 = Debug|Any CPU
		{5C415907-5A19-41A8-8A3F-243132C71D9D}.Release|Any CPU.ActiveCfg = Release|Any CPU
		{5C415907-5A19-41A8-8A3F-243132C71D9D}.Release|Any CPU.Build.0 = Release|Any CPU
	EndGlobalSection
	GlobalSection(SolutionProperties) = preSolution
		HideSolutionNode = FALSE
	EndGlobalSection
	GlobalSection(ExtensibilityGlobals) = postSolution
		SolutionGuid = {D342A6C5-3DF5-4702-90D3-F745F2CF69A7}
	EndGlobalSection
EndGlobal
